
Microsoft Visual Studio Solution File, Format Version 12.00
# Visual Studio Version 17
VisualStudioVersion = 17.5.33414.496
MinimumVisualStudioVersion = 10.0.40219.1
Project("{8BC9CEB8-8B4A-11D0-8D11-00A0C91BC942}") = "Structure", "Structure\Structure.vcxproj", "{4135EC9D-ED60-4179-A16E-BF9279E98ED4}"
EndProject
Project("{8BC9CEB8-8B4A-11D0-8D11-00A0C91BC942}") = "Structure2", "Structure2\Structure2.vcxproj", "{033B3B06-DCE7-40FE-A0FF-8D5587DBA2EF}"
EndProject
Project("{8BC9CEB8-8B4A-11D0-8D11-00A0C91BC942}") = "Structure3", "Structure3\Structure3.vcxproj", "{682C0017-E71C-4557-BAA5-BB0EF7845EED}"
EndProject
Global
	GlobalSection(SolutionConfigurationPlatforms) = preSolution
		Debug|x64 = Debug|x64
		Debug|x86 = Debug|x86
		Release|x64 = Release|x64
		Release|x86 = Release|x86
	EndGlobalSection
	GlobalSection(ProjectConfigurationPlatforms) = postSolution
		{4135EC9D-ED60-4179-A16E-BF9279E98ED4}.Debug|x64.ActiveCfg = Debug|x64
		{4135EC9D-ED60-4179-A16E-BF9279E98ED4}.Debug|x64.Build.0 = Debug|x64
		{4135EC9D-ED60-4179-A16E-BF9279E98ED4}.Debug|x86.ActiveCfg = Debug|Win32
		{4135EC9D-ED60-4179-A16E-BF9279E98ED4}.Debug|x86.Build.0 = Debug|Win32
		{4135EC9D-ED60-4179-A16E-BF9279E98ED4}.Release|x64.ActiveCfg = Release|x64
		{4135EC9D-ED60-4179-A16E-BF9279E98ED4}.Release|x64.Build.0 = Release|x64
		{4135EC9D-ED60-4179-A16E-BF9279E98ED4}.Release|x86.ActiveCfg = Release|Win32
		{4135EC9D-ED60-4179-A16E-BF9279E98ED4}.Release|x86.Build.0 = Release|Win32
		{033B3B06-DCE7-40FE-A0FF-8D5587DBA2EF}.Debug|x64.ActiveCfg = Debug|x64
		{033B3B06-DCE7-40FE-A0FF-8D5587DBA2EF}.Debug|x64.Build.0 = Debug|x64
		{033B3B06-DCE7-40FE-A0FF-8D5587DBA2EF}.Debug|x86.ActiveCfg = Debug|Win32
		{033B3B06-DCE7-40FE-A0FF-8D5587DBA2EF}.Debug|x86.Build.0 = Debug|Win32
		{033B3B06-DCE7-40FE-A0FF-8D5587DBA2EF}.Release|x64.ActiveCfg = Release|x64
		{033B3B06-DCE7-40FE-A0FF-8D5587DBA2EF}.Release|x64.Build.0 = Release|x64
		{033B3B06-DCE7-40FE-A0FF-8D5587DBA2EF}.Release|x86.ActiveCfg = Release|Win32
		{033B3B06-DCE7-40FE-A0FF-8D5587DBA2EF}.Release|x86.Build.0 = Release|Win32
		{682C0017-E71C-4557-BAA5-BB0EF7845EED}.Debug|x64.ActiveCfg = Debug|x64
		{682C0017-E71C-4557-BAA5-BB0EF7845EED}.Debug|x64.Build.0 = Debug|x64
		{682C0017-E71C-4557-BAA5-BB0EF7845EED}.Debug|x86.ActiveCfg = Debug|Win32
		{682C0017-E71C-4557-BAA5-BB0EF7845EED}.Debug|x86.Build.0 = Debug|Win32
		{682C0017-E71C-4557-BAA5-BB0EF7845EED}.Release|x64.ActiveCfg = Release|x64
		{682C0017-E71C-4557-BAA5-BB0EF7845EED}.Release|x64.Build.0 = Release|x64
		{682C0017-E71C-4557-BAA5-BB0EF7845EED}.Release|x86.ActiveCfg = Release|Win32
		{682C0017-E71C-4557-BAA5-BB0EF7845EED}.Release|x86.Build.0 = Release|Win32
	EndGlobalSection
	GlobalSection(SolutionProperties) = preSolution
		HideSolutionNode = FALSE
	EndGlobalSection
	GlobalSection(ExtensibilityGlobals) = postSolution
		SolutionGuid = {38335E9E-EDD7-43AB-A274-FC77686F902F}
	EndGlobalSection
EndGlobal
